// !$*UTF8*$!
{
	archiveVersion = 1;
	classes = {
	};
	objectVersion = 46;
	objects = {

/* Begin PBXBuildFile section */
		D918767B1981A92A005205D1 /* AppDelegate.swift in Sources */ = {isa = PBXBuildFile; fileRef = D918767A1981A92A005205D1 /* AppDelegate.swift */; };
		D918767D1981A92A005205D1 /* FirstViewController.swift in Sources */ = {isa = PBXBuildFile; fileRef = D918767C1981A92A005205D1 /* FirstViewController.swift */; };
		D918767F1981A92A005205D1 /* SecondViewController.swift in Sources */ = {isa = PBXBuildFile; fileRef = D918767E1981A92A005205D1 /* SecondViewController.swift */; };
		D91876821981A92A005205D1 /* Main.storyboard in Resources */ = {isa = PBXBuildFile; fileRef = D91876801981A92A005205D1 /* Main.storyboard */; };
		D91876841981A92A005205D1 /* Images.xcassets in Resources */ = {isa = PBXBuildFile; fileRef = D91876831981A92A005205D1 /* Images.xcassets */; };
		D91876901981A92B005205D1 /* LocalAuthenticationExamplesTests.swift in Sources */ = {isa = PBXBuildFile; fileRef = D918768F1981A92B005205D1 /* LocalAuthenticationExamplesTests.swift */; };
		D96F32141982EF5100372846 /* AuthenticationManager.framework in Frameworks */ = {isa = PBXBuildFile; fileRef = D96F32121982EF3700372846 /* AuthenticationManager.framework */; };
		D96F32151982EF5100372846 /* AuthenticationManager.framework in Embed Frameworks */ = {isa = PBXBuildFile; fileRef = D96F32121982EF3700372846 /* AuthenticationManager.framework */; settings = {ATTRIBUTES = (CodeSignOnCopy, ); }; };
/* End PBXBuildFile section */

/* Begin PBXContainerItemProxy section */
		D918768A1981A92A005205D1 /* PBXContainerItemProxy */ = {
			isa = PBXContainerItemProxy;
			containerPortal = D918766D1981A92A005205D1 /* Project object */;
			proxyType = 1;
			remoteGlobalIDString = D91876741981A92A005205D1;
			remoteInfo = LocalAuthenticationExamples;
		};
/* End PBXContainerItemProxy section */

/* Begin PBXCopyFilesBuildPhase section */
		D96F32161982EF5100372846 /* Embed Frameworks */ = {
			isa = PBXCopyFilesBuildPhase;
			buildActionMask = 2147483647;
			dstPath = "";
			dstSubfolderSpec = 10;
			files = (
				D96F32151982EF5100372846 /* AuthenticationManager.framework in Embed Frameworks */,
			);
			name = "Embed Frameworks";
			runOnlyForDeploymentPostprocessing = 0;
		};
/* End PBXCopyFilesBuildPhase section */

/* Begin PBXFileReference section */
		D91876751981A92A005205D1 /* LocalAuthenticationExamples.app */ = {isa = PBXFileReference; explicitFileType = wrapper.application; includeInIndex = 0; path = LocalAuthenticationExamples.app; sourceTree = BUILT_PRODUCTS_DIR; };
		D91876791981A92A005205D1 /* Info.plist */ = {isa = PBXFileReference; lastKnownFileType = text.plist.xml; path = Info.plist; sourceTree = "<group>"; };
		D918767A1981A92A005205D1 /* AppDelegate.swift */ = {isa = PBXFileReference; lastKnownFileType = sourcecode.swift; path = AppDelegate.swift; sourceTree = "<group>"; };
		D918767C1981A92A005205D1 /* FirstViewController.swift */ = {isa = PBXFileReference; lastKnownFileType = sourcecode.swift; path = FirstViewController.swift; sourceTree = "<group>"; };
		D918767E1981A92A005205D1 /* SecondViewController.swift */ = {isa = PBXFileReference; lastKnownFileType = sourcecode.swift; path = SecondViewController.swift; sourceTree = "<group>"; };
		D91876811981A92A005205D1 /* Base */ = {isa = PBXFileReference; lastKnownFileType = file.storyboard; name = Base; path = Base.lproj/Main.storyboard; sourceTree = "<group>"; };
		D91876831981A92A005205D1 /* Images.xcassets */ = {isa = PBXFileReference; lastKnownFileType = folder.assetcatalog; path = Images.xcassets; sourceTree = "<group>"; };
		D91876891981A92A005205D1 /* LocalAuthenticationExamplesTests.xctest */ = {isa = PBXFileReference; explicitFileType = wrapper.cfbundle; includeInIndex = 0; path = LocalAuthenticationExamplesTests.xctest; sourceTree = BUILT_PRODUCTS_DIR; };
		D918768E1981A92A005205D1 /* Info.plist */ = {isa = PBXFileReference; lastKnownFileType = text.plist.xml; path = Info.plist; sourceTree = "<group>"; };
		D918768F1981A92B005205D1 /* LocalAuthenticationExamplesTests.swift */ = {isa = PBXFileReference; lastKnownFileType = sourcecode.swift; path = LocalAuthenticationExamplesTests.swift; sourceTree = "<group>"; };
		D96F32121982EF3700372846 /* AuthenticationManager.framework */ = {isa = PBXFileReference; lastKnownFileType = wrapper.framework; name = AuthenticationManager.framework; path = "../../../../../../Library/Developer/Xcode/DerivedData/AuthenticationManager-ghzjuldvdaddmgbtipycqsomlbgg/Build/Products/Debug-iphoneos/AuthenticationManager.framework"; sourceTree = "<group>"; };
/* End PBXFileReference section */

/* Begin PBXFrameworksBuildPhase section */
		D91876721981A92A005205D1 /* Frameworks */ = {
			isa = PBXFrameworksBuildPhase;
			buildActionMask = 2147483647;
			files = (
				D96F32141982EF5100372846 /* AuthenticationManager.framework in Frameworks */,
			);
			runOnlyForDeploymentPostprocessing = 0;
		};
		D91876861981A92A005205D1 /* Frameworks */ = {
			isa = PBXFrameworksBuildPhase;
			buildActionMask = 2147483647;
			files = (
			);
			runOnlyForDeploymentPostprocessing = 0;
		};
/* End PBXFrameworksBuildPhase section */

/* Begin PBXGroup section */
		D918766C1981A92A005205D1 = {
			isa = PBXGroup;
			children = (
				D91876771981A92A005205D1 /* LocalAuthenticationExamples */,
				D918768C1981A92A005205D1 /* LocalAuthenticationExamplesTests */,
				D91876761981A92A005205D1 /* Products */,
			);
			sourceTree = "<group>";
		};
		D91876761981A92A005205D1 /* Products */ = {
			isa = PBXGroup;
			children = (
				D91876751981A92A005205D1 /* LocalAuthenticationExamples.app */,
				D91876891981A92A005205D1 /* LocalAuthenticationExamplesTests.xctest */,
			);
			name = Products;
			sourceTree = "<group>";
		};
		D91876771981A92A005205D1 /* LocalAuthenticationExamples */ = {
			isa = PBXGroup;
			children = (
				D918767A1981A92A005205D1 /* AppDelegate.swift */,
				D918767C1981A92A005205D1 /* FirstViewController.swift */,
				D918767E1981A92A005205D1 /* SecondViewController.swift */,
				D91876801981A92A005205D1 /* Main.storyboard */,
				D91876831981A92A005205D1 /* Images.xcassets */,
				D91876781981A92A005205D1 /* Supporting Files */,
			);
			path = LocalAuthenticationExamples;
			sourceTree = "<group>";
		};
		D91876781981A92A005205D1 /* Supporting Files */ = {
			isa = PBXGroup;
			children = (
				D95CC5041981ADB500CF1CE6 /* Frameworks */,
				D91876791981A92A005205D1 /* Info.plist */,
			);
			name = "Supporting Files";
			sourceTree = "<group>";
		};
		D918768C1981A92A005205D1 /* LocalAuthenticationExamplesTests */ = {
			isa = PBXGroup;
			children = (
				D918768F1981A92B005205D1 /* LocalAuthenticationExamplesTests.swift */,
				D918768D1981A92A005205D1 /* Supporting Files */,
			);
			path = LocalAuthenticationExamplesTests;
			sourceTree = "<group>";
		};
		D918768D1981A92A005205D1 /* Supporting Files */ = {
			isa = PBXGroup;
			children = (
				D918768E1981A92A005205D1 /* Info.plist */,
			);
			name = "Supporting Files";
			sourceTree = "<group>";
		};
		D95CC5041981ADB500CF1CE6 /* Frameworks */ = {
			isa = PBXGroup;
			children = (
				D96F32121982EF3700372846 /* AuthenticationManager.framework */,
			);
			name = Frameworks;
			sourceTree = "<group>";
		};
/* End PBXGroup section */

/* Begin PBXNativeTarget section */
		D91876741981A92A005205D1 /* LocalAuthenticationExamples */ = {
			isa = PBXNativeTarget;
			buildConfigurationList = D91876931981A92B005205D1 /* Build configuration list for PBXNativeTarget "LocalAuthenticationExamples" */;
			buildPhases = (
				D91876711981A92A005205D1 /* Sources */,
				D91876721981A92A005205D1 /* Frameworks */,
				D91876731981A92A005205D1 /* Resources */,
				D96F32161982EF5100372846 /* Embed Frameworks */,
			);
			buildRules = (
			);
			dependencies = (
			);
			name = LocalAuthenticationExamples;
			productName = LocalAuthenticationExamples;
			productReference = D91876751981A92A005205D1 /* LocalAuthenticationExamples.app */;
			productType = "com.apple.product-type.application";
		};
		D91876881981A92A005205D1 /* LocalAuthenticationExamplesTests */ = {
			isa = PBXNativeTarget;
			buildConfigurationList = D91876961981A92B005205D1 /* Build configuration list for PBXNativeTarget "LocalAuthenticationExamplesTests" */;
			buildPhases = (
				D91876851981A92A005205D1 /* Sources */,
				D91876861981A92A005205D1 /* Frameworks */,
				D91876871981A92A005205D1 /* Resources */,
			);
			buildRules = (
			);
			dependencies = (
				D918768B1981A92A005205D1 /* PBXTargetDependency */,
			);
			name = LocalAuthenticationExamplesTests;
			productName = LocalAuthenticationExamplesTests;
			productReference = D91876891981A92A005205D1 /* LocalAuthenticationExamplesTests.xctest */;
			productType = "com.apple.product-type.bundle.unit-test";
		};
/* End PBXNativeTarget section */

/* Begin PBXProject section */
		D918766D1981A92A005205D1 /* Project object */ = {
			isa = PBXProject;
			attributes = {
				LastUpgradeCheck = 0600;
				ORGANIZATIONNAME = "Yetii Ltd.";
				TargetAttributes = {
					D91876741981A92A005205D1 = {
						CreatedOnToolsVersion = 6.0;
					};
					D91876881981A92A005205D1 = {
						CreatedOnToolsVersion = 6.0;
						TestTargetID = D91876741981A92A005205D1;
					};
				};
			};
			buildConfigurationList = D91876701981A92A005205D1 /* Build configuration list for PBXProject "LocalAuthenticationExamples" */;
			compatibilityVersion = "Xcode 3.2";
			developmentRegion = English;
			hasScannedForEncodings = 0;
			knownRegions = (
				en,
				Base,
			);
			mainGroup = D918766C1981A92A005205D1;
			productRefGroup = D91876761981A92A005205D1 /* Products */;
			projectDirPath = "";
			projectRoot = "";
			targets = (
				D91876741981A92A005205D1 /* LocalAuthenticationExamples */,
				D91876881981A92A005205D1 /* LocalAuthenticationExamplesTests */,
			);
		};
/* End PBXProject section */

/* Begin PBXResourcesBuildPhase section */
		D91876731981A92A005205D1 /* Resources */ = {
			isa = PBXResourcesBuildPhase;
			buildActionMask = 2147483647;
			files = (
				D91876821981A92A005205D1 /* Main.storyboard in Resources */,
				D91876841981A92A005205D1 /* Images.xcassets in Resources */,
			);
			runOnlyForDeploymentPostprocessing = 0;
		};
		D91876871981A92A005205D1 /* Resources */ = {
			isa = PBXResourcesBuildPhase;
			buildActionMask = 2147483647;
			files = (
			);
			runOnlyForDeploymentPostprocessing = 0;
		};
/* End PBXResourcesBuildPhase section */

/* Begin PBXSourcesBuildPhase section */
		D91876711981A92A005205D1 /* Sources */ = {
			isa = PBXSourcesBuildPhase;
			buildActionMask = 2147483647;
			files = (
				D918767F1981A92A005205D1 /* SecondViewController.swift in Sources */,
				D918767B1981A92A005205D1 /* AppDelegate.swift in Sources */,
				D918767D1981A92A005205D1 /* FirstViewController.swift in Sources */,
			);
			runOnlyForDeploymentPostprocessing = 0;
		};
		D91876851981A92A005205D1 /* Sources */ = {
			isa = PBXSourcesBuildPhase;
			buildActionMask = 2147483647;
			files = (
				D91876901981A92B005205D1 /* LocalAuthenticationExamplesTests.swift in Sources */,
			);
			runOnlyForDeploymentPostprocessing = 0;
		};
/* End PBXSourcesBuildPhase section */

/* Begin PBXTargetDependency section */
		D918768B1981A92A005205D1 /* PBXTargetDependency */ = {
			isa = PBXTargetDependency;
			target = D91876741981A92A005205D1 /* LocalAuthenticationExamples */;
			targetProxy = D918768A1981A92A005205D1 /* PBXContainerItemProxy */;
		};
/* End PBXTargetDependency section */

/* Begin PBXVariantGroup section */
		D91876801981A92A005205D1 /* Main.storyboard */ = {
			isa = PBXVariantGroup;
			children = (
				D91876811981A92A005205D1 /* Base */,
			);
			name = Main.storyboard;
			sourceTree = "<group>";
		};
/* End PBXVariantGroup section */

/* Begin XCBuildConfiguration section */
		D91876911981A92B005205D1 /* Debug */ = {
			isa = XCBuildConfiguration;
			buildSettings = {
				ALWAYS_SEARCH_USER_PATHS = NO;
				CLANG_CXX_LANGUAGE_STANDARD = "gnu++0x";
				CLANG_CXX_LIBRARY = "libc++";
				CLANG_ENABLE_MODULES = YES;
				CLANG_ENABLE_OBJC_ARC = YES;
				CLANG_WARN_BOOL_CONVERSION = YES;
				CLANG_WARN_CONSTANT_CONVERSION = YES;
				CLANG_WARN_DIRECT_OBJC_ISA_USAGE = YES_ERROR;
				CLANG_WARN_EMPTY_BODY = YES;
				CLANG_WARN_ENUM_CONVERSION = YES;
				CLANG_WARN_INT_CONVERSION = YES;
				CLANG_WARN_OBJC_ROOT_CLASS = YES_ERROR;
				CLANG_WARN_UNREACHABLE_CODE = YES;
				CLANG_WARN__DUPLICATE_METHOD_MATCH = YES;
				"CODE_SIGN_IDENTITY[sdk=iphoneos*]" = "iPhone Developer";
				COPY_PHASE_STRIP = NO;
				ENABLE_STRICT_OBJC_MSGSEND = YES;
				GCC_C_LANGUAGE_STANDARD = gnu99;
				GCC_DYNAMIC_NO_PIC = NO;
				GCC_OPTIMIZATION_LEVEL = 0;
				GCC_PREPROCESSOR_DEFINITIONS = (
					"DEBUG=1",
					"$(inherited)",
				);
				GCC_SYMBOLS_PRIVATE_EXTERN = NO;
				GCC_WARN_64_TO_32_BIT_CONVERSION = YES;
				GCC_WARN_ABOUT_RETURN_TYPE = YES_ERROR;
				GCC_WARN_UNDECLARED_SELECTOR = YES;
				GCC_WARN_UNINITIALIZED_AUTOS = YES_AGGRESSIVE;
				GCC_WARN_UNUSED_FUNCTION = YES;
				GCC_WARN_UNUSED_VARIABLE = YES;
				IPHONEOS_DEPLOYMENT_TARGET = 8.0;
				MTL_ENABLE_DEBUG_INFO = YES;
				ONLY_ACTIVE_ARCH = YES;
				OTHER_LDFLAGS = (
					"-all_load",
					"-ObjC",
				);
				SDKROOT = iphoneos;
				SWIFT_OPTIMIZATION_LEVEL = "-Onone";
				TARGETED_DEVICE_FAMILY = "1,2";
			};
			name = Debug;
		};
		D91876921981A92B005205D1 /* Release */ = {
			isa = XCBuildConfiguration;
			buildSettings = {
				ALWAYS_SEARCH_USER_PATHS = NO;
				CLANG_CXX_LANGUAGE_STANDARD = "gnu++0x";
				CLANG_CXX_LIBRARY = "libc++";
				CLANG_ENABLE_MODULES = YES;
				CLANG_ENABLE_OBJC_ARC = YES;
				CLANG_WARN_BOOL_CONVERSION = YES;
				CLANG_WARN_CONSTANT_CONVERSION = YES;
				CLANG_WARN_DIRECT_OBJC_ISA_USAGE = YES_ERROR;
				CLANG_WARN_EMPTY_BODY = YES;
				CLANG_WARN_ENUM_CONVERSION = YES;
				CLANG_WARN_INT_CONVERSION = YES;
				CLANG_WARN_OBJC_ROOT_CLASS = YES_ERROR;
				CLANG_WARN_UNREACHABLE_CODE = YES;
				CLANG_WARN__DUPLICATE_METHOD_MATCH = YES;
				"CODE_SIGN_IDENTITY[sdk=iphoneos*]" = "iPhone Developer";
				COPY_PHASE_STRIP = YES;
				ENABLE_NS_ASSERTIONS = NO;
				ENABLE_STRICT_OBJC_MSGSEND = YES;
				GCC_C_LANGUAGE_STANDARD = gnu99;
				GCC_WARN_64_TO_32_BIT_CONVERSION = YES;
				GCC_WARN_ABOUT_RETURN_TYPE = YES_ERROR;
				GCC_WARN_UNDECLARED_SELECTOR = YES;
				GCC_WARN_UNINITIALIZED_AUTOS = YES_AGGRESSIVE;
				GCC_WARN_UNUSED_FUNCTION = YES;
				GCC_WARN_UNUSED_VARIABLE = YES;
				IPHONEOS_DEPLOYMENT_TARGET = 8.0;
				MTL_ENABLE_DEBUG_INFO = NO;
				OTHER_LDFLAGS = (
					"-all_load",
					"-ObjC",
				);
				SDKROOT = iphoneos;
				TARGETED_DEVICE_FAMILY = "1,2";
				VALIDATE_PRODUCT = YES;
			};
			name = Release;
		};
		D91876941981A92B005205D1 /* Debug */ = {
			isa = XCBuildConfiguration;
			buildSettings = {
				ASSETCATALOG_COMPILER_APPICON_NAME = AppIcon;
				ASSETCATALOG_COMPILER_LAUNCHIMAGE_NAME = LaunchImage;
				FRAMEWORK_SEARCH_PATHS = (
					"$(inherited)",
					"$(USER_LIBRARY_DIR)/Developer/Xcode/DerivedData/AuthenticationManager-bhapdaoojvikajbiwaqjvndycpuu/Build/Products/Debug-iphoneos",
					"$(PROJECT_DIR)/LocalAuthenticationExamples",
					"$(USER_LIBRARY_DIR)/Developer/Xcode/DerivedData/AuthenticationManager-ghzjuldvdaddmgbtipycqsomlbgg/Build/Products/Debug-iphoneos",
					/Users/JosephDuffy/Dropbox/Projects/Swift/Authentication,
					"Manager/AuthenticationManagerFramework/build/Debug-iphoneos",
				);
				INFOPLIST_FILE = LocalAuthenticationExamples/Info.plist;
				IPHONEOS_DEPLOYMENT_TARGET = 7.0;
				LD_RUNPATH_SEARCH_PATHS = "$(inherited) @executable_path/Frameworks";
				PRODUCT_NAME = "$(TARGET_NAME)";
			};
			name = Debug;
		};
		D91876951981A92B005205D1 /* Release */ = {
			isa = XCBuildConfiguration;
			buildSettings = {
				ASSETCATALOG_COMPILER_APPICON_NAME = AppIcon;
				ASSETCATALOG_COMPILER_LAUNCHIMAGE_NAME = LaunchImage;
				FRAMEWORK_SEARCH_PATHS = (
					"$(inherited)",
					"$(USER_LIBRARY_DIR)/Developer/Xcode/DerivedData/AuthenticationManager-bhapdaoojvikajbiwaqjvndycpuu/Build/Products/Debug-iphoneos",
					"$(PROJECT_DIR)/LocalAuthenticationExamples",
					"$(USER_LIBRARY_DIR)/Developer/Xcode/DerivedData/AuthenticationManager-ghzjuldvdaddmgbtipycqsomlbgg/Build/Products/Debug-iphoneos",
					/Users/JosephDuffy/Dropbox/Projects/Swift/Authentication,
					"Manager/AuthenticationManagerFramework/build/Debug-iphoneos",
				);
				INFOPLIST_FILE = LocalAuthenticationExamples/Info.plist;
				IPHONEOS_DEPLOYMENT_TARGET = 7.0;
				LD_RUNPATH_SEARCH_PATHS = "$(inherited) @executable_path/Frameworks";
				PRODUCT_NAME = "$(TARGET_NAME)";
			};
			name = Release;
		};
		D91876971981A92B005205D1 /* Debug */ = {
			isa = XCBuildConfiguration;
			buildSettings = {
				BUNDLE_LOADER = "$(BUILT_PRODUCTS_DIR)/LocalAuthenticationExamples.app/LocalAuthenticationExamples";
				FRAMEWORK_SEARCH_PATHS = (
					"$(SDKROOT)/Developer/Library/Frameworks",
					"$(inherited)",
				);
				GCC_PREPROCESSOR_DEFINITIONS = (
					"DEBUG=1",
					"$(inherited)",
				);
				INFOPLIST_FILE = LocalAuthenticationExamplesTests/Info.plist;
				LD_RUNPATH_SEARCH_PATHS = "$(inherited) @executable_path/Frameworks @loader_path/Frameworks";
				PRODUCT_NAME = "$(TARGET_NAME)";
				TEST_HOST = "$(BUNDLE_LOADER)";
			};
			name = Debug;
		};
		D91876981981A92B005205D1 /* Release */ = {
			isa = XCBuildConfiguration;
			buildSettings = {
				BUNDLE_LOADER = "$(BUILT_PRODUCTS_DIR)/LocalAuthenticationExamples.app/LocalAuthenticationExamples";
				FRAMEWORK_SEARCH_PATHS = (
					"$(SDKROOT)/Developer/Library/Frameworks",
					"$(inherited)",
				);
				INFOPLIST_FILE = LocalAuthenticationExamplesTests/Info.plist;
				LD_RUNPATH_SEARCH_PATHS = "$(inherited) @executable_path/Frameworks @loader_path/Frameworks";
				PRODUCT_NAME = "$(TARGET_NAME)";
				TEST_HOST = "$(BUNDLE_LOADER)";
			};
			name = Release;
		};
/* End XCBuildConfiguration section */

/* Begin XCConfigurationList section */
		D91876701981A92A005205D1 /* Build configuration list for PBXProject "LocalAuthenticationExamples" */ = {
			isa = XCConfigurationList;
			buildConfigurations = (
				D91876911981A92B005205D1 /* Debug */,
				D91876921981A92B005205D1 /* Release */,
			);
			defaultConfigurationIsVisible = 0;
			defaultConfigurationName = Release;
		};
		D91876931981A92B005205D1 /* Build configuration list for PBXNativeTarget "LocalAuthenticationExamples" */ = {
			isa = XCConfigurationList;
			buildConfigurations = (
				D91876941981A92B005205D1 /* Debug */,
				D91876951981A92B005205D1 /* Release */,
			);
			defaultConfigurationIsVisible = 0;
			defaultConfigurationName = Release;
		};
		D91876961981A92B005205D1 /* Build configuration list for PBXNativeTarget "LocalAuthenticationExamplesTests" */ = {
			isa = XCConfigurationList;
			buildConfigurations = (
				D91876971981A92B005205D1 /* Debug */,
				D91876981981A92B005205D1 /* Release */,
			);
			defaultConfigurationIsVisible = 0;
			defaultConfigurationName = Release;
		};
/* End XCConfigurationList section */
	};
	rootObject = D918766D1981A92A005205D1 /* Project object */;
}
